// !$*UTF8*$!
{
	archiveVersion = 1;
	classes = {
	};
	objectVersion = 46;
	objects = {

/* Begin PBXBuildFile section */
		E87839FB1B6A1DAD00DE4B73 /* main.m in Sources */ = {isa = PBXBuildFile; fileRef = E87839FA1B6A1DAD00DE4B73 /* main.m */; };
		E8783A031B6A1DC200DE4B73 /* Person.m in Sources */ = {isa = PBXBuildFile; fileRef = E8783A021B6A1DC200DE4B73 /* Person.m */; };
/* End PBXBuildFile section */

/* Begin PBXCopyFilesBuildPhase section */
		E87839F51B6A1DAD00DE4B73 /* CopyFiles */ = {
			isa = PBXCopyFilesBuildPhase;
			buildActionMask = 2147483647;
			dstPath = /usr/share/man/man1/;
			dstSubfolderSpec = 0;
			files = (
			);
			runOnlyForDeploymentPostprocessing = 1;
		};
/* End PBXCopyFilesBuildPhase section */

/* Begin PBXFileReference section */
		E87839F71B6A1DAD00DE4B73 /* OC-Runtime */ = {isa = PBXFileReference; explicitFileType = "compiled.mach-o.executable"; includeInIndex = 0; path = "OC-Runtime"; sourceTree = BUILT_PRODUCTS_DIR; };
		E87839FA1B6A1DAD00DE4B73 /* main.m */ = {isa = PBXFileReference; lastKnownFileType = sourcecode.c.objc; path = main.m; sourceTree = "<group>"; };
		E8783A011B6A1DC200DE4B73 /* Person.h */ = {isa = PBXFileReference; fileEncoding = 4; lastKnownFileType = sourcecode.c.h; path = Person.h; sourceTree = "<group>"; };
		E8783A021B6A1DC200DE4B73 /* Person.m */ = {isa = PBXFileReference; fileEncoding = 4; lastKnownFileType = sourcecode.c.objc; path = Person.m; sourceTree = "<group>"; };
/* End PBXFileReference section */

/* Begin PBXFrameworksBuildPhase section */
		E87839F41B6A1DAD00DE4B73 /* Frameworks */ = {
			isa = PBXFrameworksBuildPhase;
			buildActionMask = 2147483647;
			files = (
			);
			runOnlyForDeploymentPostprocessing = 0;
		};
/* End PBXFrameworksBuildPhase section */

/* Begin PBXGroup section */
		E87839EE1B6A1DAD00DE4B73 = {
			isa = PBXGroup;
			children = (
				E87839F91B6A1DAD00DE4B73 /* OC-Runtime */,
				E87839F81B6A1DAD00DE4B73 /* Products */,
			);
			sourceTree = "<group>";
		};
		E87839F81B6A1DAD00DE4B73 /* Products */ = {
			isa = PBXGroup;
			children = (
				E87839F71B6A1DAD00DE4B73 /* OC-Runtime */,
			);
			name = Products;
			sourceTree = "<group>";
		};
		E87839F91B6A1DAD00DE4B73 /* OC-Runtime */ = {
			isa = PBXGroup;
			children = (
				E87839FA1B6A1DAD00DE4B73 /* main.m */,
				E8783A011B6A1DC200DE4B73 /* Person.h */,
				E8783A021B6A1DC200DE4B73 /* Person.m */,
			);
			path = "OC-Runtime";
			sourceTree = "<group>";
		};
/* End PBXGroup section */

/* Begin PBXNativeTarget section */
		E87839F61B6A1DAD00DE4B73 /* OC-Runtime */ = {
			isa = PBXNativeTarget;
			buildConfigurationList = E87839FE1B6A1DAD00DE4B73 /* Build configuration list for PBXNativeTarget "OC-Runtime" */;
			buildPhases = (
				E87839F31B6A1DAD00DE4B73 /* Sources */,
				E87839F41B6A1DAD00DE4B73 /* Frameworks */,
				E87839F51B6A1DAD00DE4B73 /* CopyFiles */,
			);
			buildRules = (
			);
			dependencies = (
			);
			name = "OC-Runtime";
			productName = "OC-Runtime";
			productReference = E87839F71B6A1DAD00DE4B73 /* OC-Runtime */;
			productType = "com.apple.product-type.tool";
		};
/* End PBXNativeTarget section */

/* Begin PBXProject section */
		E87839EF1B6A1DAD00DE4B73 /* Project object */ = {
			isa = PBXProject;
			attributes = {
				LastUpgradeCheck = 0640;
				ORGANIZATIONNAME = FNWS;
				TargetAttributes = {
					E87839F61B6A1DAD00DE4B73 = {
						CreatedOnToolsVersion = 6.4;
					};
				};
			};
			buildConfigurationList = E87839F21B6A1DAD00DE4B73 /* Build configuration list for PBXProject "OC-Runtime" */;
			compatibilityVersion = "Xcode 3.2";
			developmentRegion = English;
			hasScannedForEncodings = 0;
			knownRegions = (
				en,
			);
			mainGroup = E87839EE1B6A1DAD00DE4B73;
			productRefGroup = E87839F81B6A1DAD00DE4B73 /* Products */;
			projectDirPath = "";
			projectRoot = "";
			targets = (
				E87839F61B6A1DAD00DE4B73 /* OC-Runtime */,
			);
		};
/* End PBXProject section */

/* Begin PBXSourcesBuildPhase section */
		E87839F31B6A1DAD00DE4B73 /* Sources */ = {
			isa = PBXSourcesBuildPhase;
			buildActionMask = 2147483647;
			files = (
				E8783A031B6A1DC200DE4B73 /* Person.m in Sources */,
				E87839FB1B6A1DAD00DE4B73 /* main.m in Sources */,
			);
			runOnlyForDeploymentPostprocessing = 0;
		};
/* End PBXSourcesBuildPhase section */

/* Begin XCBuildConfiguration section */
		E87839FC1B6A1DAD00DE4B73 /* Debug */ = {
			isa = XCBuildConfiguration;
			buildSettings = {
				ALWAYS_SEARCH_USER_PATHS = NO;
				CLANG_CXX_LANGUAGE_STANDARD = "gnu++0x";
				CLANG_CXX_LIBRARY = "libc++";
				CLANG_ENABLE_MODULES = YES;
				CLANG_ENABLE_OBJC_ARC = YES;
				CLANG_WARN_BOOL_CONVERSION = YES;
				CLANG_WARN_CONSTANT_CONVERSION = YES;
				CLANG_WARN_DIRECT_OBJC_ISA_USAGE = YES_ERROR;
				CLANG_WARN_EMPTY_BODY = YES;
				CLANG_WARN_ENUM_CONVERSION = YES;
				CLANG_WARN_INT_CONVERSION = YES;
				CLANG_WARN_OBJC_ROOT_CLASS = YES_ERROR;
				CLANG_WARN_UNREACHABLE_CODE = YES;
				CLANG_WARN__DUPLICATE_METHOD_MATCH = YES;
				COPY_PHASE_STRIP = NO;
				DEBUG_INFORMATION_FORMAT = dwarf;
				ENABLE_STRICT_OBJC_MSGSEND = YES;
				GCC_C_LANGUAGE_STANDARD = gnu99;
				GCC_DYNAMIC_NO_PIC = NO;
				GCC_NO_COMMON_BLOCKS = YES;
				GCC_OPTIMIZATION_LEVEL = 0;
				GCC_PREPROCESSOR_DEFINITIONS = (
					"DEBUG=1",
					"$(inherited)",
				);
				GCC_SYMBOLS_PRIVATE_EXTERN = NO;
				GCC_WARN_64_TO_32_BIT_CONVERSION = YES;
				GCC_WARN_ABOUT_RETURN_TYPE = YES_ERROR;
				GCC_WARN_UNDECLARED_SELECTOR = YES;
				GCC_WARN_UNINITIALIZED_AUTOS = YES_AGGRESSIVE;
				GCC_WARN_UNUSED_FUNCTION = YES;
				GCC_WARN_UNUSED_VARIABLE = YES;
				MACOSX_DEPLOYMENT_TARGET = 10.10;
				MTL_ENABLE_DEBUG_INFO = YES;
				ONLY_ACTIVE_ARCH = YES;
				SDKROOT = macosx;
			};
			name = Debug;
		};
		E87839FD1B6A1DAD00DE4B73 /* Release */ = {
			isa = XCBuildConfiguration;
			buildSettings = {
				ALWAYS_SEARCH_USER_PATHS = NO;
				CLANG_CXX_LANGUAGE_STANDARD = "gnu++0x";
				CLANG_CXX_LIBRARY = "libc++";
				CLANG_ENABLE_MODULES = YES;
				CLANG_ENABLE_OBJC_ARC = YES;
				CLANG_WARN_BOOL_CONVERSION = YES;
				CLANG_WARN_CONSTANT_CONVERSION = YES;
				CLANG_WARN_DIRECT_OBJC_ISA_USAGE = YES_ERROR;
				CLANG_WARN_EMPTY_BODY = YES;
				CLANG_WARN_ENUM_CONVERSION = YES;
				CLANG_WARN_INT_CONVERSION = YES;
				CLANG_WARN_OBJC_ROOT_CLASS = YES_ERROR;
				CLANG_WARN_UNREACHABLE_CODE = YES;
				CLANG_WARN__DUPLICATE_METHOD_MATCH = YES;
				COPY_PHASE_STRIP = NO;
				DEBUG_INFORMATION_FORMAT = "dwarf-with-dsym";
				ENABLE_NS_ASSERTIONS = NO;
				ENABLE_STRICT_OBJC_MSGSEND = YES;
				GCC_C_LANGUAGE_STANDARD = gnu99;
				GCC_NO_COMMON_BLOCKS = YES;
				GCC_WARN_64_TO_32_BIT_CONVERSION = YES;
				GCC_WARN_ABOUT_RETURN_TYPE = YES_ERROR;
				GCC_WARN_UNDECLARED_SELECTOR = YES;
				GCC_WARN_UNINITIALIZED_AUTOS = YES_AGGRESSIVE;
				GCC_WARN_UNUSED_FUNCTION = YES;
				GCC_WARN_UNUSED_VARIABLE = YES;
				MACOSX_DEPLOYMENT_TARGET = 10.10;
				MTL_ENABLE_DEBUG_INFO = NO;
				SDKROOT = macosx;
			};
			name = Release;
		};
		E87839FF1B6A1DAD00DE4B73 /* Debug */ = {
			isa = XCBuildConfiguration;
			buildSettings = {
				PRODUCT_NAME = "$(TARGET_NAME)";
			};
			name = Debug;
		};
		E8783A001B6A1DAD00DE4B73 /* Release */ = {
			isa = XCBuildConfiguration;
			buildSettings = {
				PRODUCT_NAME = "$(TARGET_NAME)";
			};
			name = Release;
		};
/* End XCBuildConfiguration section */

/* Begin XCConfigurationList section */
		E87839F21B6A1DAD00DE4B73 /* Build configuration list for PBXProject "OC-Runtime" */ = {
			isa = XCConfigurationList;
			buildConfigurations = (
				E87839FC1B6A1DAD00DE4B73 /* Debug */,
				E87839FD1B6A1DAD00DE4B73 /* Release */,
			);
			defaultConfigurationIsVisible = 0;
			defaultConfigurationName = Release;
		};
		E87839FE1B6A1DAD00DE4B73 /* Build configuration list for PBXNativeTarget "OC-Runtime" */ = {
			isa = XCConfigurationList;
			buildConfigurations = (
				E87839FF1B6A1DAD00DE4B73 /* Debug */,
				E8783A001B6A1DAD00DE4B73 /* Release */,
			);
			defaultConfigurationIsVisible = 0;
		};
/* End XCConfigurationList section */
	};
	rootObject = E87839EF1B6A1DAD00DE4B73 /* Project object */;
}
